// !$*UTF8*$!
{
	archiveVersion = 1;
	classes = {
	};
	objectVersion = 46;
	objects = {

/* Begin PBXBuildFile section */
		63AC840E19E4B2EB000BD3E9 /* main.m in Sources */ = {isa = PBXBuildFile; fileRef = 63AC840D19E4B2EB000BD3E9 /* main.m */; };
		63AC841119E4B2EB000BD3E9 /* AppDelegate.m in Sources */ = {isa = PBXBuildFile; fileRef = 63AC841019E4B2EB000BD3E9 /* AppDelegate.m */; };
		63AC841419E4B2EB000BD3E9 /* ViewController.m in Sources */ = {isa = PBXBuildFile; fileRef = 63AC841319E4B2EB000BD3E9 /* ViewController.m */; };
		63AC841719E4B2EB000BD3E9 /* Main.storyboard in Resources */ = {isa = PBXBuildFile; fileRef = 63AC841519E4B2EB000BD3E9 /* Main.storyboard */; };
		63AC841919E4B2EB000BD3E9 /* Images.xcassets in Resources */ = {isa = PBXBuildFile; fileRef = 63AC841819E4B2EB000BD3E9 /* Images.xcassets */; };
		63AC841C19E4B2EB000BD3E9 /* LaunchScreen.xib in Resources */ = {isa = PBXBuildFile; fileRef = 63AC841A19E4B2EB000BD3E9 /* LaunchScreen.xib */; };
		63AC842819E4B2EB000BD3E9 /* SwiftPlaygroundTests.m in Sources */ = {isa = PBXBuildFile; fileRef = 63AC842719E4B2EB000BD3E9 /* SwiftPlaygroundTests.m */; };
/* End PBXBuildFile section */

/* Begin PBXContainerItemProxy section */
		63AC842219E4B2EB000BD3E9 /* PBXContainerItemProxy */ = {
			isa = PBXContainerItemProxy;
			containerPortal = 63AC840019E4B2EB000BD3E9 /* Project object */;
			proxyType = 1;
			remoteGlobalIDString = 63AC840719E4B2EB000BD3E9;
			remoteInfo = SwiftPlayground;
		};
/* End PBXContainerItemProxy section */

/* Begin PBXFileReference section */
		63AC840819E4B2EB000BD3E9 /* SwiftPlayground.app */ = {isa = PBXFileReference; explicitFileType = wrapper.application; includeInIndex = 0; path = SwiftPlayground.app; sourceTree = BUILT_PRODUCTS_DIR; };
		63AC840C19E4B2EB000BD3E9 /* Info.plist */ = {isa = PBXFileReference; lastKnownFileType = text.plist.xml; path = Info.plist; sourceTree = "<group>"; };
		63AC840D19E4B2EB000BD3E9 /* main.m */ = {isa = PBXFileReference; lastKnownFileType = sourcecode.c.objc; path = main.m; sourceTree = "<group>"; };
		63AC840F19E4B2EB000BD3E9 /* AppDelegate.h */ = {isa = PBXFileReference; lastKnownFileType = sourcecode.c.h; path = AppDelegate.h; sourceTree = "<group>"; };
		63AC841019E4B2EB000BD3E9 /* AppDelegate.m */ = {isa = PBXFileReference; lastKnownFileType = sourcecode.c.objc; path = AppDelegate.m; sourceTree = "<group>"; };
		63AC841219E4B2EB000BD3E9 /* ViewController.h */ = {isa = PBXFileReference; lastKnownFileType = sourcecode.c.h; path = ViewController.h; sourceTree = "<group>"; };
		63AC841319E4B2EB000BD3E9 /* ViewController.m */ = {isa = PBXFileReference; lastKnownFileType = sourcecode.c.objc; path = ViewController.m; sourceTree = "<group>"; };
		63AC841619E4B2EB000BD3E9 /* Base */ = {isa = PBXFileReference; lastKnownFileType = file.storyboard; name = Base; path = Base.lproj/Main.storyboard; sourceTree = "<group>"; };
		63AC841819E4B2EB000BD3E9 /* Images.xcassets */ = {isa = PBXFileReference; lastKnownFileType = folder.assetcatalog; path = Images.xcassets; sourceTree = "<group>"; };
		63AC841B19E4B2EB000BD3E9 /* Base */ = {isa = PBXFileReference; lastKnownFileType = file.xib; name = Base; path = Base.lproj/LaunchScreen.xib; sourceTree = "<group>"; };
		63AC842119E4B2EB000BD3E9 /* SwiftPlaygroundTests.xctest */ = {isa = PBXFileReference; explicitFileType = wrapper.cfbundle; includeInIndex = 0; path = SwiftPlaygroundTests.xctest; sourceTree = BUILT_PRODUCTS_DIR; };
		63AC842619E4B2EB000BD3E9 /* Info.plist */ = {isa = PBXFileReference; lastKnownFileType = text.plist.xml; path = Info.plist; sourceTree = "<group>"; };
		63AC842719E4B2EB000BD3E9 /* SwiftPlaygroundTests.m */ = {isa = PBXFileReference; lastKnownFileType = sourcecode.c.objc; path = SwiftPlaygroundTests.m; sourceTree = "<group>"; };
/* End PBXFileReference section */

/* Begin PBXFrameworksBuildPhase section */
		63AC840519E4B2EB000BD3E9 /* Frameworks */ = {
			isa = PBXFrameworksBuildPhase;
			buildActionMask = 2147483647;
			files = (
			);
			runOnlyForDeploymentPostprocessing = 0;
		};
		63AC841E19E4B2EB000BD3E9 /* Frameworks */ = {
			isa = PBXFrameworksBuildPhase;
			buildActionMask = 2147483647;
			files = (
			);
			runOnlyForDeploymentPostprocessing = 0;
		};
/* End PBXFrameworksBuildPhase section */

/* Begin PBXGroup section */
		63AC83FF19E4B2EB000BD3E9 = {
			isa = PBXGroup;
			children = (
				63AC840A19E4B2EB000BD3E9 /* SwiftPlayground */,
				63AC842419E4B2EB000BD3E9 /* SwiftPlaygroundTests */,
				63AC840919E4B2EB000BD3E9 /* Products */,
			);
			sourceTree = "<group>";
		};
		63AC840919E4B2EB000BD3E9 /* Products */ = {
			isa = PBXGroup;
			children = (
				63AC840819E4B2EB000BD3E9 /* SwiftPlayground.app */,
				63AC842119E4B2EB000BD3E9 /* SwiftPlaygroundTests.xctest */,
			);
			name = Products;
			sourceTree = "<group>";
		};
		63AC840A19E4B2EB000BD3E9 /* SwiftPlayground */ = {
			isa = PBXGroup;
			children = (
				63AC840F19E4B2EB000BD3E9 /* AppDelegate.h */,
				63AC841019E4B2EB000BD3E9 /* AppDelegate.m */,
				63AC841219E4B2EB000BD3E9 /* ViewController.h */,
				63AC841319E4B2EB000BD3E9 /* ViewController.m */,
				63AC841519E4B2EB000BD3E9 /* Main.storyboard */,
				63AC841819E4B2EB000BD3E9 /* Images.xcassets */,
				63AC841A19E4B2EB000BD3E9 /* LaunchScreen.xib */,
				63AC840B19E4B2EB000BD3E9 /* Supporting Files */,
			);
			path = SwiftPlayground;
			sourceTree = "<group>";
		};
		63AC840B19E4B2EB000BD3E9 /* Supporting Files */ = {
			isa = PBXGroup;
			children = (
				63AC840C19E4B2EB000BD3E9 /* Info.plist */,
				63AC840D19E4B2EB000BD3E9 /* main.m */,
			);
			name = "Supporting Files";
			sourceTree = "<group>";
		};
		63AC842419E4B2EB000BD3E9 /* SwiftPlaygroundTests */ = {
			isa = PBXGroup;
			children = (
				63AC842719E4B2EB000BD3E9 /* SwiftPlaygroundTests.m */,
				63AC842519E4B2EB000BD3E9 /* Supporting Files */,
			);
			path = SwiftPlaygroundTests;
			sourceTree = "<group>";
		};
		63AC842519E4B2EB000BD3E9 /* Supporting Files */ = {
			isa = PBXGroup;
			children = (
				63AC842619E4B2EB000BD3E9 /* Info.plist */,
			);
			name = "Supporting Files";
			sourceTree = "<group>";
		};
/* End PBXGroup section */

/* Begin PBXNativeTarget section */
		63AC840719E4B2EB000BD3E9 /* SwiftPlayground */ = {
			isa = PBXNativeTarget;
			buildConfigurationList = 63AC842B19E4B2EB000BD3E9 /* Build configuration list for PBXNativeTarget "SwiftPlayground" */;
			buildPhases = (
				63AC840419E4B2EB000BD3E9 /* Sources */,
				63AC840519E4B2EB000BD3E9 /* Frameworks */,
				63AC840619E4B2EB000BD3E9 /* Resources */,
			);
			buildRules = (
			);
			dependencies = (
			);
			name = SwiftPlayground;
			productName = SwiftPlayground;
			productReference = 63AC840819E4B2EB000BD3E9 /* SwiftPlayground.app */;
			productType = "com.apple.product-type.application";
		};
		63AC842019E4B2EB000BD3E9 /* SwiftPlaygroundTests */ = {
			isa = PBXNativeTarget;
			buildConfigurationList = 63AC842E19E4B2EB000BD3E9 /* Build configuration list for PBXNativeTarget "SwiftPlaygroundTests" */;
			buildPhases = (
				63AC841D19E4B2EB000BD3E9 /* Sources */,
				63AC841E19E4B2EB000BD3E9 /* Frameworks */,
				63AC841F19E4B2EB000BD3E9 /* Resources */,
			);
			buildRules = (
			);
			dependencies = (
				63AC842319E4B2EB000BD3E9 /* PBXTargetDependency */,
			);
			name = SwiftPlaygroundTests;
			productName = SwiftPlaygroundTests;
			productReference = 63AC842119E4B2EB000BD3E9 /* SwiftPlaygroundTests.xctest */;
			productType = "com.apple.product-type.bundle.unit-test";
		};
/* End PBXNativeTarget section */

/* Begin PBXProject section */
		63AC840019E4B2EB000BD3E9 /* Project object */ = {
			isa = PBXProject;
			attributes = {
				LastUpgradeCheck = 0600;
				ORGANIZATIONNAME = CS193p;
				TargetAttributes = {
					63AC840719E4B2EB000BD3E9 = {
						CreatedOnToolsVersion = 6.0.1;
					};
					63AC842019E4B2EB000BD3E9 = {
						CreatedOnToolsVersion = 6.0.1;
						TestTargetID = 63AC840719E4B2EB000BD3E9;
					};
				};
			};
			buildConfigurationList = 63AC840319E4B2EB000BD3E9 /* Build configuration list for PBXProject "SwiftPlayground" */;
			compatibilityVersion = "Xcode 3.2";
			developmentRegion = English;
			hasScannedForEncodings = 0;
			knownRegions = (
				en,
				Base,
			);
			mainGroup = 63AC83FF19E4B2EB000BD3E9;
			productRefGroup = 63AC840919E4B2EB000BD3E9 /* Products */;
			projectDirPath = "";
			projectRoot = "";
			targets = (
				63AC840719E4B2EB000BD3E9 /* SwiftPlayground */,
				63AC842019E4B2EB000BD3E9 /* SwiftPlaygroundTests */,
			);
		};
/* End PBXProject section */

/* Begin PBXResourcesBuildPhase section */
		63AC840619E4B2EB000BD3E9 /* Resources */ = {
			isa = PBXResourcesBuildPhase;
			buildActionMask = 2147483647;
			files = (
				63AC841719E4B2EB000BD3E9 /* Main.storyboard in Resources */,
				63AC841C19E4B2EB000BD3E9 /* LaunchScreen.xib in Resources */,
				63AC841919E4B2EB000BD3E9 /* Images.xcassets in Resources */,
			);
			runOnlyForDeploymentPostprocessing = 0;
		};
		63AC841F19E4B2EB000BD3E9 /* Resources */ = {
			isa = PBXResourcesBuildPhase;
			buildActionMask = 2147483647;
			files = (
			);
			runOnlyForDeploymentPostprocessing = 0;
		};
/* End PBXResourcesBuildPhase section */

/* Begin PBXSourcesBuildPhase section */
		63AC840419E4B2EB000BD3E9 /* Sources */ = {
			isa = PBXSourcesBuildPhase;
			buildActionMask = 2147483647;
			files = (
				63AC841419E4B2EB000BD3E9 /* ViewController.m in Sources */,
				63AC841119E4B2EB000BD3E9 /* AppDelegate.m in Sources */,
				63AC840E19E4B2EB000BD3E9 /* main.m in Sources */,
			);
			runOnlyForDeploymentPostprocessing = 0;
		};
		63AC841D19E4B2EB000BD3E9 /* Sources */ = {
			isa = PBXSourcesBuildPhase;
			buildActionMask = 2147483647;
			files = (
				63AC842819E4B2EB000BD3E9 /* SwiftPlaygroundTests.m in Sources */,
			);
			runOnlyForDeploymentPostprocessing = 0;
		};
/* End PBXSourcesBuildPhase section */

/* Begin PBXTargetDependency section */
		63AC842319E4B2EB000BD3E9 /* PBXTargetDependency */ = {
			isa = PBXTargetDependency;
			target = 63AC840719E4B2EB000BD3E9 /* SwiftPlayground */;
			targetProxy = 63AC842219E4B2EB000BD3E9 /* PBXContainerItemProxy */;
		};
/* End PBXTargetDependency section */

/* Begin PBXVariantGroup section */
		63AC841519E4B2EB000BD3E9 /* Main.storyboard */ = {
			isa = PBXVariantGroup;
			children = (
				63AC841619E4B2EB000BD3E9 /* Base */,
			);
			name = Main.storyboard;
			sourceTree = "<group>";
		};
		63AC841A19E4B2EB000BD3E9 /* LaunchScreen.xib */ = {
			isa = PBXVariantGroup;
			children = (
				63AC841B19E4B2EB000BD3E9 /* Base */,
			);
			name = LaunchScreen.xib;
			sourceTree = "<group>";
		};
/* End PBXVariantGroup section */

/* Begin XCBuildConfiguration section */
		63AC842919E4B2EB000BD3E9 /* Debug */ = {
			isa = XCBuildConfiguration;
			buildSettings = {
				ALWAYS_SEARCH_USER_PATHS = NO;
				CLANG_CXX_LANGUAGE_STANDARD = "gnu++0x";
				CLANG_CXX_LIBRARY = "libc++";
				CLANG_ENABLE_MODULES = YES;
				CLANG_ENABLE_OBJC_ARC = YES;
				CLANG_WARN_BOOL_CONVERSION = YES;
				CLANG_WARN_CONSTANT_CONVERSION = YES;
				CLANG_WARN_DIRECT_OBJC_ISA_USAGE = YES_ERROR;
				CLANG_WARN_EMPTY_BODY = YES;
				CLANG_WARN_ENUM_CONVERSION = YES;
				CLANG_WARN_INT_CONVERSION = YES;
				CLANG_WARN_OBJC_ROOT_CLASS = YES_ERROR;
				CLANG_WARN_UNREACHABLE_CODE = YES;
				CLANG_WARN__DUPLICATE_METHOD_MATCH = YES;
				"CODE_SIGN_IDENTITY[sdk=iphoneos*]" = "iPhone Developer";
				COPY_PHASE_STRIP = NO;
				ENABLE_STRICT_OBJC_MSGSEND = YES;
				GCC_C_LANGUAGE_STANDARD = gnu99;
				GCC_DYNAMIC_NO_PIC = NO;
				GCC_OPTIMIZATION_LEVEL = 0;
				GCC_PREPROCESSOR_DEFINITIONS = (
					"DEBUG=1",
					"$(inherited)",
				);
				GCC_SYMBOLS_PRIVATE_EXTERN = NO;
				GCC_WARN_64_TO_32_BIT_CONVERSION = YES;
				GCC_WARN_ABOUT_RETURN_TYPE = YES_ERROR;
				GCC_WARN_UNDECLARED_SELECTOR = YES;
				GCC_WARN_UNINITIALIZED_AUTOS = YES_AGGRESSIVE;
				GCC_WARN_UNUSED_FUNCTION = YES;
				GCC_WARN_UNUSED_VARIABLE = YES;
				IPHONEOS_DEPLOYMENT_TARGET = 8.0;
				MTL_ENABLE_DEBUG_INFO = YES;
				ONLY_ACTIVE_ARCH = YES;
				SDKROOT = iphoneos;
			};
			name = Debug;
		};
		63AC842A19E4B2EB000BD3E9 /* Release */ = {
			isa = XCBuildConfiguration;
			buildSettings = {
				ALWAYS_SEARCH_USER_PATHS = NO;
				CLANG_CXX_LANGUAGE_STANDARD = "gnu++0x";
				CLANG_CXX_LIBRARY = "libc++";
				CLANG_ENABLE_MODULES = YES;
				CLANG_ENABLE_OBJC_ARC = YES;
				CLANG_WARN_BOOL_CONVERSION = YES;
				CLANG_WARN_CONSTANT_CONVERSION = YES;
				CLANG_WARN_DIRECT_OBJC_ISA_USAGE = YES_ERROR;
				CLANG_WARN_EMPTY_BODY = YES;
				CLANG_WARN_ENUM_CONVERSION = YES;
				CLANG_WARN_INT_CONVERSION = YES;
				CLANG_WARN_OBJC_ROOT_CLASS = YES_ERROR;
				CLANG_WARN_UNREACHABLE_CODE = YES;
				CLANG_WARN__DUPLICATE_METHOD_MATCH = YES;
				"CODE_SIGN_IDENTITY[sdk=iphoneos*]" = "iPhone Developer";
				COPY_PHASE_STRIP = YES;
				ENABLE_NS_ASSERTIONS = NO;
				ENABLE_STRICT_OBJC_MSGSEND = YES;
				GCC_C_LANGUAGE_STANDARD = gnu99;
				GCC_WARN_64_TO_32_BIT_CONVERSION = YES;
				GCC_WARN_ABOUT_RETURN_TYPE = YES_ERROR;
				GCC_WARN_UNDECLARED_SELECTOR = YES;
				GCC_WARN_UNINITIALIZED_AUTOS = YES_AGGRESSIVE;
				GCC_WARN_UNUSED_FUNCTION = YES;
				GCC_WARN_UNUSED_VARIABLE = YES;
				IPHONEOS_DEPLOYMENT_TARGET = 8.0;
				MTL_ENABLE_DEBUG_INFO = NO;
				SDKROOT = iphoneos;
				VALIDATE_PRODUCT = YES;
			};
			name = Release;
		};
		63AC842C19E4B2EB000BD3E9 /* Debug */ = {
			isa = XCBuildConfiguration;
			buildSettings = {
				ASSETCATALOG_COMPILER_APPICON_NAME = AppIcon;
				INFOPLIST_FILE = SwiftPlayground/Info.plist;
				LD_RUNPATH_SEARCH_PATHS = "$(inherited) @executable_path/Frameworks";
				PRODUCT_NAME = "$(TARGET_NAME)";
			};
			name = Debug;
		};
		63AC842D19E4B2EB000BD3E9 /* Release */ = {
			isa = XCBuildConfiguration;
			buildSettings = {
				ASSETCATALOG_COMPILER_APPICON_NAME = AppIcon;
				INFOPLIST_FILE = SwiftPlayground/Info.plist;
				LD_RUNPATH_SEARCH_PATHS = "$(inherited) @executable_path/Frameworks";
				PRODUCT_NAME = "$(TARGET_NAME)";
			};
			name = Release;
		};
		63AC842F19E4B2EB000BD3E9 /* Debug */ = {
			isa = XCBuildConfiguration;
			buildSettings = {
				BUNDLE_LOADER = "$(TEST_HOST)";
				FRAMEWORK_SEARCH_PATHS = (
					"$(SDKROOT)/Developer/Library/Frameworks",
					"$(inherited)",
				);
				GCC_PREPROCESSOR_DEFINITIONS = (
					"DEBUG=1",
					"$(inherited)",
				);
				INFOPLIST_FILE = SwiftPlaygroundTests/Info.plist;
				LD_RUNPATH_SEARCH_PATHS = "$(inherited) @executable_path/Frameworks @loader_path/Frameworks";
				PRODUCT_NAME = "$(TARGET_NAME)";
				TEST_HOST = "$(BUILT_PRODUCTS_DIR)/SwiftPlayground.app/SwiftPlayground";
			};
			name = Debug;
		};
		63AC843019E4B2EB000BD3E9 /* Release */ = {
			isa = XCBuildConfiguration;
			buildSettings = {
				BUNDLE_LOADER = "$(TEST_HOST)";
				FRAMEWORK_SEARCH_PATHS = (
					"$(SDKROOT)/Developer/Library/Frameworks",
					"$(inherited)",
				);
				INFOPLIST_FILE = SwiftPlaygroundTests/Info.plist;
				LD_RUNPATH_SEARCH_PATHS = "$(inherited) @executable_path/Frameworks @loader_path/Frameworks";
				PRODUCT_NAME = "$(TARGET_NAME)";
				TEST_HOST = "$(BUILT_PRODUCTS_DIR)/SwiftPlayground.app/SwiftPlayground";
			};
			name = Release;
		};
/* End XCBuildConfiguration section */

/* Begin XCConfigurationList section */
		63AC840319E4B2EB000BD3E9 /* Build configuration list for PBXProject "SwiftPlayground" */ = {
			isa = XCConfigurationList;
			buildConfigurations = (
				63AC842919E4B2EB000BD3E9 /* Debug */,
				63AC842A19E4B2EB000BD3E9 /* Release */,
			);
			defaultConfigurationIsVisible = 0;
			defaultConfigurationName = Release;
		};
		63AC842B19E4B2EB000BD3E9 /* Build configuration list for PBXNativeTarget "SwiftPlayground" */ = {
			isa = XCConfigurationList;
			buildConfigurations = (
				63AC842C19E4B2EB000BD3E9 /* Debug */,
				63AC842D19E4B2EB000BD3E9 /* Release */,
			);
			defaultConfigurationIsVisible = 0;
		};
		63AC842E19E4B2EB000BD3E9 /* Build configuration list for PBXNativeTarget "SwiftPlaygroundTests" */ = {
			isa = XCConfigurationList;
			buildConfigurations = (
				63AC842F19E4B2EB000BD3E9 /* Debug */,
				63AC843019E4B2EB000BD3E9 /* Release */,
			);
			defaultConfigurationIsVisible = 0;
		};
/* End XCConfigurationList section */
	};
	rootObject = 63AC840019E4B2EB000BD3E9 /* Project object */;
}
